
Microsoft Visual Studio Solution File, Format Version 12.00
# Visual Studio Version 16
VisualStudioVersion = 16.0.31205.134
MinimumVisualStudioVersion = 10.0.40219.1
Project("{FAE04EC0-301F-11D3-BF4B-00C04F79EFBC}") = "DesktopLauncher", "DesktopLauncher\DesktopLauncher.csproj", "{199210DD-C2DB-4246-8F41-2B18722423D4}"
EndProject
Global
	GlobalSection(SolutionConfigurationPlatforms) = preSolution
		Debug|Any CPU = Debug|Any CPU
		Release|Any CPU = Release|Any CPU
	EndGlobalSection
	GlobalSection(ProjectConfigurationPlatforms) = postSolution
		{199210DD-C2DB-4246-8F41-2B18722423D4}.Debug|Any CPU.ActiveCfg = Debug|Any CPU
		{199210DD-C2DB-4246-8F41-2B18722423D4}.Debug|Any CPU.Build.0 = Debug|Any CPU
		{199210DD-C2DB-4246-8F41-2B18722423D4}.Release|Any CPU.ActiveCfg = Release|Any CPU
		{199210DD-C2DB-4246-8F41-2B18722423D4}.Release|Any CPU.Build.0 = Release|Any CPU
	EndGlobalSection
	GlobalSection(SolutionProperties) = preSolution
		HideSolutionNode = FALSE
	EndGlobalSection
	GlobalSection(ExtensibilityGlobals) = postSolution
		SolutionGuid = {17E0FA37-E4A5-4367-B33F-DD160C216968}
	EndGlobalSection
EndGlobal
